
Microsoft Visual Studio Solution File, Format Version 12.00
# Visual Studio Version 17
VisualStudioVersion = 17.0.0.0
MinimumVisualStudioVersion = 10.0.40219.1
Project("{FAE04EC0-301F-11D3-BF4B-00C04F79EFBC}") = "METERP.Web", "src\METERP.Web\METERP.Web.csproj", "{D984DDDB-7AEE-437C-97EA-8B48271EB87B}"
EndProject
Project("{FAE04EC0-301F-11D3-BF4B-00C04F79EFBC}") = "METERP.Domain", "src\METERP.Domain\METERP.Domain.csproj", "{31BC00D6-7E88-4572-AF05-AC481C38003B}"
EndProject
Project("{FAE04EC0-301F-11D3-BF4B-00C04F79EFBC}") = "METERP.Application", "src\METERP.Application\METERP.Application.csproj", "{CE50DD3F-9D46-49E2-9A0E-E36865698F2A}"
EndProject
Project("{FAE04EC0-301F-11D3-BF4B-00C04F79EFBC}") = "METERP.Infrastructure", "src\METERP.Infrastructure\METERP.Infrastructure.csproj", "{C5DF3360-989A-4F87-9F98-24B102DD8807}"
EndProject
Project("{FAE04EC0-301F-11D3-BF4B-00C04F79EFBC}") = "METERP.Common", "src\METERP.Common\METERP.Common.csproj", "{66F75E2B-ACAE-4915-9ECE-033B666E03CF}"
EndProject
Project("{2150E333-8FDC-42A3-9474-1A3956D46DE8}") = "tests", "tests", "{0AB3BF05-4346-4AA6-1389-037BE0695223}"
EndProject
Project("{FAE04EC0-301F-11D3-BF4B-00C04F79EFBC}") = "METERP.E2ETests", "tests\METERP.E2ETests\METERP.E2ETests.csproj", "{5EE835D9-DBEB-4886-A8B5-795C5F4E48C7}"
EndProject
Global
	GlobalSection(SolutionConfigurationPlatforms) = preSolution
		Debug|Any CPU = Debug|Any CPU
		Debug|x64 = Debug|x64
		Debug|x86 = Debug|x86
		Release|Any CPU = Release|Any CPU
		Release|x64 = Release|x64
		Release|x86 = Release|x86
	EndGlobalSection
	GlobalSection(ProjectConfigurationPlatforms) = postSolution
		{D984DDDB-7AEE-437C-97EA-8B48271EB87B}.Debug|Any CPU.ActiveCfg = Debug|Any CPU
		{D984DDDB-7AEE-437C-97EA-8B48271EB87B}.Debug|Any CPU.Build.0 = Debug|Any CPU
		{D984DDDB-7AEE-437C-97EA-8B48271EB87B}.Debug|x64.ActiveCfg = Debug|Any CPU
		{D984DDDB-7AEE-437C-97EA-8B48271EB87B}.Debug|x64.Build.0 = Debug|Any CPU
		{D984DDDB-7AEE-437C-97EA-8B48271EB87B}.Debug|x86.ActiveCfg = Debug|Any CPU
		{D984DDDB-7AEE-437C-97EA-8B48271EB87B}.Debug|x86.Build.0 = Debug|Any CPU
		{D984DDDB-7AEE-437C-97EA-8B48271EB87B}.Release|Any CPU.ActiveCfg = Release|Any CPU
		{D984DDDB-7AEE-437C-97EA-8B48271EB87B}.Release|Any CPU.Build.0 = Release|Any CPU
		{D984DDDB-7AEE-437C-97EA-8B48271EB87B}.Release|x64.ActiveCfg = Release|Any CPU
		{D984DDDB-7AEE-437C-97EA-8B48271EB87B}.Release|x64.Build.0 = Release|Any CPU
		{D984DDDB-7AEE-437C-97EA-8B48271EB87B}.Release|x86.ActiveCfg = Release|Any CPU
		{D984DDDB-7AEE-437C-97EA-8B48271EB87B}.Release|x86.Build.0 = Release|Any CPU
		{31BC00D6-7E88-4572-AF05-AC481C38003B}.Debug|Any CPU.ActiveCfg = Debug|Any CPU
		{31BC00D6-7E88-4572-AF05-AC481C38003B}.Debug|Any CPU.Build.0 = Debug|Any CPU
		{31BC00D6-7E88-4572-AF05-AC481C38003B}.Debug|x64.ActiveCfg = Debug|Any CPU
		{31BC00D6-7E88-4572-AF05-AC481C38003B}.Debug|x64.Build.0 = Debug|Any CPU
		{31BC00D6-7E88-4572-AF05-AC481C38003B}.Debug|x86.ActiveCfg = Debug|Any CPU
		{31BC00D6-7E88-4572-AF05-AC481C38003B}.Debug|x86.Build.0 = Debug|Any CPU
		{31BC00D6-7E88-4572-AF05-AC481C38003B}.Release|Any CPU.ActiveCfg = Release|Any CPU
		{31BC00D6-7E88-4572-AF05-AC481C38003B}.Release|Any CPU.Build.0 = Release|Any CPU
		{31BC00D6-7E88-4572-AF05-AC481C38003B}.Release|x64.ActiveCfg = Release|Any CPU
		{31BC00D6-7E88-4572-AF05-AC481C38003B}.Release|x64.Build.0 = Release|Any CPU
		{31BC00D6-7E88-4572-AF05-AC481C38003B}.Release|x86.ActiveCfg = Release|Any CPU
		{31BC00D6-7E88-4572-AF05-AC481C38003B}.Release|x86.Build.0 = Release|Any CPU
		{CE50DD3F-9D46-49E2-9A0E-E36865698F2A}.Debug|Any CPU.ActiveCfg = Debug|Any CPU
		{CE50DD3F-9D46-49E2-9A0E-E36865698F2A}.Debug|Any CPU.Build.0 = Debug|Any CPU
		{CE50DD3F-9D46-49E2-9A0E-E36865698F2A}.Debug|x64.ActiveCfg = Debug|Any CPU
		{CE50DD3F-9D46-49E2-9A0E-E36865698F2A}.Debug|x64.Build.0 = Debug|Any CPU
		{CE50DD3F-9D46-49E2-9A0E-E36865698F2A}.Debug|x86.ActiveCfg = Debug|Any CPU
		{CE50DD3F-9D46-49E2-9A0E-E36865698F2A}.Debug|x86.Build.0 = Debug|Any CPU
		{CE50DD3F-9D46-49E2-9A0E-E36865698F2A}.Release|Any CPU.ActiveCfg = Release|Any CPU
		{CE50DD3F-9D46-49E2-9A0E-E36865698F2A}.Release|Any CPU.Build.0 = Release|Any CPU
		{CE50DD3F-9D46-49E2-9A0E-E36865698F2A}.Release|x64.ActiveCfg = Release|Any CPU
		{CE50DD3F-9D46-49E2-9A0E-E36865698F2A}.Release|x64.Build.0 = Release|Any CPU
		{CE50DD3F-9D46-49E2-9A0E-E36865698F2A}.Release|x86.ActiveCfg = Release|Any CPU
		{CE50DD3F-9D46-49E2-9A0E-E36865698F2A}.Release|x86.Build.0 = Release|Any CPU
		{C5DF3360-989A-4F87-9F98-24B102DD8807}.Debug|Any CPU.ActiveCfg = Debug|Any CPU
		{C5DF3360-989A-4F87-9F98-24B102DD8807}.Debug|Any CPU.Build.0 = Debug|Any CPU
		{C5DF3360-989A-4F87-9F98-24B102DD8807}.Debug|x64.ActiveCfg = Debug|Any CPU
		{C5DF3360-989A-4F87-9F98-24B102DD8807}.Debug|x64.Build.0 = Debug|Any CPU
		{C5DF3360-989A-4F87-9F98-24B102DD8807}.Debug|x86.ActiveCfg = Debug|Any CPU
		{C5DF3360-989A-4F87-9F98-24B102DD8807}.Debug|x86.Build.0 = Debug|Any CPU
		{C5DF3360-989A-4F87-9F98-24B102DD8807}.Release|Any CPU.ActiveCfg = Release|Any CPU
		{C5DF3360-989A-4F87-9F98-24B102DD8807}.Release|Any CPU.Build.0 = Release|Any CPU
		{C5DF3360-989A-4F87-9F98-24B102DD8807}.Release|x64.ActiveCfg = Release|Any CPU
		{C5DF3360-989A-4F87-9F98-24B102DD8807}.Release|x64.Build.0 = Release|Any CPU
		{C5DF3360-989A-4F87-9F98-24B102DD8807}.Release|x86.ActiveCfg = Release|Any CPU
		{C5DF3360-989A-4F87-9F98-24B102DD8807}.Release|x86.Build.0 = Release|Any CPU
		{66F75E2B-ACAE-4915-9ECE-033B666E03CF}.Debug|Any CPU.ActiveCfg = Debug|Any CPU
		{66F75E2B-ACAE-4915-9ECE-033B666E03CF}.Debug|Any CPU.Build.0 = Debug|Any CPU
		{66F75E2B-ACAE-4915-9ECE-033B666E03CF}.Debug|x64.ActiveCfg = Debug|Any CPU
		{66F75E2B-ACAE-4915-9ECE-033B666E03CF}.Debug|x64.Build.0 = Debug|Any CPU
		{66F75E2B-ACAE-4915-9ECE-033B666E03CF}.Debug|x86.ActiveCfg = Debug|Any CPU
		{66F75E2B-ACAE-4915-9ECE-033B666E03CF}.Debug|x86.Build.0 = Debug|Any CPU
		{66F75E2B-ACAE-4915-9ECE-033B666E03CF}.Release|Any CPU.ActiveCfg = Release|Any CPU
		{66F75E2B-ACAE-4915-9ECE-033B666E03CF}.Release|Any CPU.Build.0 = Release|Any CPU
		{66F75E2B-ACAE-4915-9ECE-033B666E03CF}.Release|x64.ActiveCfg = Release|Any CPU
		{66F75E2B-ACAE-4915-9ECE-033B666E03CF}.Release|x64.Build.0 = Release|Any CPU
		{66F75E2B-ACAE-4915-9ECE-033B666E03CF}.Release|x86.ActiveCfg = Release|Any CPU
		{66F75E2B-ACAE-4915-9ECE-033B666E03CF}.Release|x86.Build.0 = Release|Any CPU
		{5EE835D9-DBEB-4886-A8B5-795C5F4E48C7}.Debug|Any CPU.ActiveCfg = Debug|Any CPU
		{5EE835D9-DBEB-4886-A8B5-795C5F4E48C7}.Debug|Any CPU.Build.0 = Debug|Any CPU
		{5EE835D9-DBEB-4886-A8B5-795C5F4E48C7}.Debug|x64.ActiveCfg = Debug|Any CPU
		{5EE835D9-DBEB-4886-A8B5-795C5F4E48C7}.Debug|x64.Build.0 = Debug|Any CPU
		{5EE835D9-DBEB-4886-A8B5-795C5F4E48C7}.Debug|x86.ActiveCfg = Debug|Any CPU
		{5EE835D9-DBEB-4886-A8B5-795C5F4E48C7}.Debug|x86.Build.0 = Debug|Any CPU
		{5EE835D9-DBEB-4886-A8B5-795C5F4E48C7}.Release|Any CPU.ActiveCfg = Release|Any CPU
		{5EE835D9-DBEB-4886-A8B5-795C5F4E48C7}.Release|Any CPU.Build.0 = Release|Any CPU
		{5EE835D9-DBEB-4886-A8B5-795C5F4E48C7}.Release|x64.ActiveCfg = Release|Any CPU
		{5EE835D9-DBEB-4886-A8B5-795C5F4E48C7}.Release|x64.Build.0 = Release|Any CPU
		{5EE835D9-DBEB-4886-A8B5-795C5F4E48C7}.Release|x86.ActiveCfg = Release|Any CPU
		{5EE835D9-DBEB-4886-A8B5-795C5F4E48C7}.Release|x86.Build.0 = Release|Any CPU
	EndGlobalSection
	GlobalSection(SolutionProperties) = preSolution
		HideSolutionNode = FALSE
	EndGlobalSection
	GlobalSection(NestedProjects) = preSolution
		{5EE835D9-DBEB-4886-A8B5-795C5F4E48C7} = {0AB3BF05-4346-4AA6-1389-037BE0695223}
	EndGlobalSection
	GlobalSection(ExtensibilityGlobals) = postSolution
		SolutionGuid = {1FC8ABC6-3BCC-411B-96F7-D52307CBBBD3}
	EndGlobalSection
EndGlobal
